// !$*UTF8*$!
{
	archiveVersion = 1;
	classes = {
	};
	objectVersion = 56;
	objects = {

/* Begin PBXBuildFile section */
		789E7FC729A5C84C00A7F49E /* PokeDexyApp.swift in Sources */ = {isa = PBXBuildFile; fileRef = 789E7FC629A5C84C00A7F49E /* PokeDexyApp.swift */; };
		789E7FC929A5C84C00A7F49E /* PokeDexyListView.swift in Sources */ = {isa = PBXBuildFile; fileRef = 789E7FC829A5C84C00A7F49E /* PokeDexyListView.swift */; };
		789E7FCB29A5C84C00A7F49E /* Assets.xcassets in Resources */ = {isa = PBXBuildFile; fileRef = 789E7FCA29A5C84C00A7F49E /* Assets.xcassets */; };
		789E7FCE29A5C84C00A7F49E /* Preview Assets.xcassets in Resources */ = {isa = PBXBuildFile; fileRef = 789E7FCD29A5C84C00A7F49E /* Preview Assets.xcassets */; };
		789E7FD529A5C90900A7F49E /* PokemonViewModel.swift in Sources */ = {isa = PBXBuildFile; fileRef = 789E7FD429A5C90900A7F49E /* PokemonViewModel.swift */; };
		789E7FD829A5E01A00A7F49E /* PokemonDetailView.swift in Sources */ = {isa = PBXBuildFile; fileRef = 789E7FD729A5E01A00A7F49E /* PokemonDetailView.swift */; };
		789E7FDA29A5E0B600A7F49E /* PokemonResult.swift in Sources */ = {isa = PBXBuildFile; fileRef = 789E7FD929A5E0B600A7F49E /* PokemonResult.swift */; };
		789E7FDE29A5E1D700A7F49E /* PokemonDetailViewModel.swift in Sources */ = {isa = PBXBuildFile; fileRef = 789E7FDD29A5E1D700A7F49E /* PokemonDetailViewModel.swift */; };
		78F0DDB129A66008001F3C36 /* PokeDexyTabBarView.swift in Sources */ = {isa = PBXBuildFile; fileRef = 78F0DDB029A66008001F3C36 /* PokeDexyTabBarView.swift */; };
		78F0DDB329A661AE001F3C36 /* PokeDexyFavoritesView.swift in Sources */ = {isa = PBXBuildFile; fileRef = 78F0DDB229A661AE001F3C36 /* PokeDexyFavoritesView.swift */; };
		78F0DDB529A6635B001F3C36 /* PokeDexyRegionsView.swift in Sources */ = {isa = PBXBuildFile; fileRef = 78F0DDB429A6635B001F3C36 /* PokeDexyRegionsView.swift */; };
		78F0DDB729A663DA001F3C36 /* PokeDexyProfileView.swift in Sources */ = {isa = PBXBuildFile; fileRef = 78F0DDB629A663DA001F3C36 /* PokeDexyProfileView.swift */; };
		78F0DDBA29A664BF001F3C36 /* Colors.swift in Sources */ = {isa = PBXBuildFile; fileRef = 78F0DDB929A664BF001F3C36 /* Colors.swift */; };
/* End PBXBuildFile section */

/* Begin PBXFileReference section */
		789E7FC329A5C84C00A7F49E /* PokeDexy.app */ = {isa = PBXFileReference; explicitFileType = wrapper.application; includeInIndex = 0; path = PokeDexy.app; sourceTree = BUILT_PRODUCTS_DIR; };
		789E7FC629A5C84C00A7F49E /* PokeDexyApp.swift */ = {isa = PBXFileReference; lastKnownFileType = sourcecode.swift; path = PokeDexyApp.swift; sourceTree = "<group>"; };
		789E7FC829A5C84C00A7F49E /* PokeDexyListView.swift */ = {isa = PBXFileReference; lastKnownFileType = sourcecode.swift; path = PokeDexyListView.swift; sourceTree = "<group>"; };
		789E7FCA29A5C84C00A7F49E /* Assets.xcassets */ = {isa = PBXFileReference; lastKnownFileType = folder.assetcatalog; path = Assets.xcassets; sourceTree = "<group>"; };
		789E7FCD29A5C84C00A7F49E /* Preview Assets.xcassets */ = {isa = PBXFileReference; lastKnownFileType = folder.assetcatalog; path = "Preview Assets.xcassets"; sourceTree = "<group>"; };
		789E7FD429A5C90900A7F49E /* PokemonViewModel.swift */ = {isa = PBXFileReference; lastKnownFileType = sourcecode.swift; path = PokemonViewModel.swift; sourceTree = "<group>"; };
		789E7FD729A5E01A00A7F49E /* PokemonDetailView.swift */ = {isa = PBXFileReference; lastKnownFileType = sourcecode.swift; path = PokemonDetailView.swift; sourceTree = "<group>"; };
		789E7FD929A5E0B600A7F49E /* PokemonResult.swift */ = {isa = PBXFileReference; lastKnownFileType = sourcecode.swift; path = PokemonResult.swift; sourceTree = "<group>"; };
		789E7FDD29A5E1D700A7F49E /* PokemonDetailViewModel.swift */ = {isa = PBXFileReference; lastKnownFileType = sourcecode.swift; path = PokemonDetailViewModel.swift; sourceTree = "<group>"; };
		78F0DDB029A66008001F3C36 /* PokeDexyTabBarView.swift */ = {isa = PBXFileReference; lastKnownFileType = sourcecode.swift; path = PokeDexyTabBarView.swift; sourceTree = "<group>"; };
		78F0DDB229A661AE001F3C36 /* PokeDexyFavoritesView.swift */ = {isa = PBXFileReference; lastKnownFileType = sourcecode.swift; path = PokeDexyFavoritesView.swift; sourceTree = "<group>"; };
		78F0DDB429A6635B001F3C36 /* PokeDexyRegionsView.swift */ = {isa = PBXFileReference; lastKnownFileType = sourcecode.swift; path = PokeDexyRegionsView.swift; sourceTree = "<group>"; };
		78F0DDB629A663DA001F3C36 /* PokeDexyProfileView.swift */ = {isa = PBXFileReference; lastKnownFileType = sourcecode.swift; path = PokeDexyProfileView.swift; sourceTree = "<group>"; };
		78F0DDB929A664BF001F3C36 /* Colors.swift */ = {isa = PBXFileReference; lastKnownFileType = sourcecode.swift; path = Colors.swift; sourceTree = "<group>"; };
/* End PBXFileReference section */

/* Begin PBXFrameworksBuildPhase section */
		789E7FC029A5C84C00A7F49E /* Frameworks */ = {
			isa = PBXFrameworksBuildPhase;
			buildActionMask = 2147483647;
			files = (
			);
			runOnlyForDeploymentPostprocessing = 0;
		};
/* End PBXFrameworksBuildPhase section */

/* Begin PBXGroup section */
		789E7FBA29A5C84C00A7F49E = {
			isa = PBXGroup;
			children = (
				789E7FC529A5C84C00A7F49E /* PokeDexy */,
				789E7FC429A5C84C00A7F49E /* Products */,
			);
			sourceTree = "<group>";
		};
		789E7FC429A5C84C00A7F49E /* Products */ = {
			isa = PBXGroup;
			children = (
				789E7FC329A5C84C00A7F49E /* PokeDexy.app */,
			);
			name = Products;
			sourceTree = "<group>";
		};
		789E7FC529A5C84C00A7F49E /* PokeDexy */ = {
			isa = PBXGroup;
			children = (
				78F0DDB829A664B2001F3C36 /* Resources */,
				789E7FDC29A5E18C00A7F49E /* Model */,
				789E7FDB29A5E17B00A7F49E /* Views */,
				789E7FC629A5C84C00A7F49E /* PokeDexyApp.swift */,
				789E7FCA29A5C84C00A7F49E /* Assets.xcassets */,
				789E7FCC29A5C84C00A7F49E /* Preview Content */,
			);
			path = PokeDexy;
			sourceTree = "<group>";
		};
		789E7FCC29A5C84C00A7F49E /* Preview Content */ = {
			isa = PBXGroup;
			children = (
				789E7FCD29A5C84C00A7F49E /* Preview Assets.xcassets */,
			);
			path = "Preview Content";
			sourceTree = "<group>";
		};
		789E7FDB29A5E17B00A7F49E /* Views */ = {
			isa = PBXGroup;
			children = (
				789E7FC829A5C84C00A7F49E /* PokeDexyListView.swift */,
				789E7FD729A5E01A00A7F49E /* PokemonDetailView.swift */,
				78F0DDB029A66008001F3C36 /* PokeDexyTabBarView.swift */,
				78F0DDB229A661AE001F3C36 /* PokeDexyFavoritesView.swift */,
				78F0DDB429A6635B001F3C36 /* PokeDexyRegionsView.swift */,
				78F0DDB629A663DA001F3C36 /* PokeDexyProfileView.swift */,
			);
			path = Views;
			sourceTree = "<group>";
		};
		789E7FDC29A5E18C00A7F49E /* Model */ = {
			isa = PBXGroup;
			children = (
				789E7FD929A5E0B600A7F49E /* PokemonResult.swift */,
				789E7FD429A5C90900A7F49E /* PokemonViewModel.swift */,
				789E7FDD29A5E1D700A7F49E /* PokemonDetailViewModel.swift */,
			);
			path = Model;
			sourceTree = "<group>";
		};
		78F0DDB829A664B2001F3C36 /* Resources */ = {
			isa = PBXGroup;
			children = (
				78F0DDB929A664BF001F3C36 /* Colors.swift */,
			);
			path = Resources;
			sourceTree = "<group>";
		};
/* End PBXGroup section */

/* Begin PBXNativeTarget section */
		789E7FC229A5C84C00A7F49E /* PokeDexy */ = {
			isa = PBXNativeTarget;
			buildConfigurationList = 789E7FD129A5C84C00A7F49E /* Build configuration list for PBXNativeTarget "PokeDexy" */;
			buildPhases = (
				789E7FBF29A5C84C00A7F49E /* Sources */,
				789E7FC029A5C84C00A7F49E /* Frameworks */,
				789E7FC129A5C84C00A7F49E /* Resources */,
			);
			buildRules = (
			);
			dependencies = (
			);
			name = PokeDexy;
			productName = PokeDexy;
			productReference = 789E7FC329A5C84C00A7F49E /* PokeDexy.app */;
			productType = "com.apple.product-type.application";
		};
/* End PBXNativeTarget section */

/* Begin PBXProject section */
		789E7FBB29A5C84C00A7F49E /* Project object */ = {
			isa = PBXProject;
			attributes = {
				BuildIndependentTargetsInParallel = 1;
				LastSwiftUpdateCheck = 1420;
				LastUpgradeCheck = 1420;
				TargetAttributes = {
					789E7FC229A5C84C00A7F49E = {
						CreatedOnToolsVersion = 14.2;
					};
				};
			};
			buildConfigurationList = 789E7FBE29A5C84C00A7F49E /* Build configuration list for PBXProject "PokeDexy" */;
			compatibilityVersion = "Xcode 14.0";
			developmentRegion = en;
			hasScannedForEncodings = 0;
			knownRegions = (
				en,
				Base,
			);
			mainGroup = 789E7FBA29A5C84C00A7F49E;
			productRefGroup = 789E7FC429A5C84C00A7F49E /* Products */;
			projectDirPath = "";
			projectRoot = "";
			targets = (
				789E7FC229A5C84C00A7F49E /* PokeDexy */,
			);
		};
/* End PBXProject section */

/* Begin PBXResourcesBuildPhase section */
		789E7FC129A5C84C00A7F49E /* Resources */ = {
			isa = PBXResourcesBuildPhase;
			buildActionMask = 2147483647;
			files = (
				789E7FCE29A5C84C00A7F49E /* Preview Assets.xcassets in Resources */,
				789E7FCB29A5C84C00A7F49E /* Assets.xcassets in Resources */,
			);
			runOnlyForDeploymentPostprocessing = 0;
		};
/* End PBXResourcesBuildPhase section */

/* Begin PBXSourcesBuildPhase section */
		789E7FBF29A5C84C00A7F49E /* Sources */ = {
			isa = PBXSourcesBuildPhase;
			buildActionMask = 2147483647;
			files = (
				789E7FC929A5C84C00A7F49E /* PokeDexyListView.swift in Sources */,
				78F0DDBA29A664BF001F3C36 /* Colors.swift in Sources */,
				78F0DDB729A663DA001F3C36 /* PokeDexyProfileView.swift in Sources */,
				789E7FDA29A5E0B600A7F49E /* PokemonResult.swift in Sources */,
				789E7FD829A5E01A00A7F49E /* PokemonDetailView.swift in Sources */,
				789E7FC729A5C84C00A7F49E /* PokeDexyApp.swift in Sources */,
				78F0DDB529A6635B001F3C36 /* PokeDexyRegionsView.swift in Sources */,
				789E7FD529A5C90900A7F49E /* PokemonViewModel.swift in Sources */,
				78F0DDB329A661AE001F3C36 /* PokeDexyFavoritesView.swift in Sources */,
				78F0DDB129A66008001F3C36 /* PokeDexyTabBarView.swift in Sources */,
				789E7FDE29A5E1D700A7F49E /* PokemonDetailViewModel.swift in Sources */,
			);
			runOnlyForDeploymentPostprocessing = 0;
		};
/* End PBXSourcesBuildPhase section */

/* Begin XCBuildConfiguration section */
		789E7FCF29A5C84C00A7F49E /* Debug */ = {
			isa = XCBuildConfiguration;
			buildSettings = {
				ALWAYS_SEARCH_USER_PATHS = NO;
				CLANG_ANALYZER_NONNULL = YES;
				CLANG_ANALYZER_NUMBER_OBJECT_CONVERSION = YES_AGGRESSIVE;
				CLANG_CXX_LANGUAGE_STANDARD = "gnu++20";
				CLANG_ENABLE_MODULES = YES;
				CLANG_ENABLE_OBJC_ARC = YES;
				CLANG_ENABLE_OBJC_WEAK = YES;
				CLANG_WARN_BLOCK_CAPTURE_AUTORELEASING = YES;
				CLANG_WARN_BOOL_CONVERSION = YES;
				CLANG_WARN_COMMA = YES;
				CLANG_WARN_CONSTANT_CONVERSION = YES;
				CLANG_WARN_DEPRECATED_OBJC_IMPLEMENTATIONS = YES;
				CLANG_WARN_DIRECT_OBJC_ISA_USAGE = YES_ERROR;
				CLANG_WARN_DOCUMENTATION_COMMENTS = YES;
				CLANG_WARN_EMPTY_BODY = YES;
				CLANG_WARN_ENUM_CONVERSION = YES;
				CLANG_WARN_INFINITE_RECURSION = YES;
				CLANG_WARN_INT_CONVERSION = YES;
				CLANG_WARN_NON_LITERAL_NULL_CONVERSION = YES;
				CLANG_WARN_OBJC_IMPLICIT_RETAIN_SELF = YES;
				CLANG_WARN_OBJC_LITERAL_CONVERSION = YES;
				CLANG_WARN_OBJC_ROOT_CLASS = YES_ERROR;
				CLANG_WARN_QUOTED_INCLUDE_IN_FRAMEWORK_HEADER = YES;
				CLANG_WARN_RANGE_LOOP_ANALYSIS = YES;
				CLANG_WARN_STRICT_PROTOTYPES = YES;
				CLANG_WARN_SUSPICIOUS_MOVE = YES;
				CLANG_WARN_UNGUARDED_AVAILABILITY = YES_AGGRESSIVE;
				CLANG_WARN_UNREACHABLE_CODE = YES;
				CLANG_WARN__DUPLICATE_METHOD_MATCH = YES;
				COPY_PHASE_STRIP = NO;
				DEBUG_INFORMATION_FORMAT = dwarf;
				ENABLE_STRICT_OBJC_MSGSEND = YES;
				ENABLE_TESTABILITY = YES;
				GCC_C_LANGUAGE_STANDARD = gnu11;
				GCC_DYNAMIC_NO_PIC = NO;
				GCC_NO_COMMON_BLOCKS = YES;
				GCC_OPTIMIZATION_LEVEL = 0;
				GCC_PREPROCESSOR_DEFINITIONS = (
					"DEBUG=1",
					"$(inherited)",
				);
				GCC_WARN_64_TO_32_BIT_CONVERSION = YES;
				GCC_WARN_ABOUT_RETURN_TYPE = YES_ERROR;
				GCC_WARN_UNDECLARED_SELECTOR = YES;
				GCC_WARN_UNINITIALIZED_AUTOS = YES_AGGRESSIVE;
				GCC_WARN_UNUSED_FUNCTION = YES;
				GCC_WARN_UNUSED_VARIABLE = YES;
				IPHONEOS_DEPLOYMENT_TARGET = 16.0;
				MTL_ENABLE_DEBUG_INFO = INCLUDE_SOURCE;
				MTL_FAST_MATH = YES;
				ONLY_ACTIVE_ARCH = YES;
				SDKROOT = iphoneos;
				SWIFT_ACTIVE_COMPILATION_CONDITIONS = DEBUG;
				SWIFT_OPTIMIZATION_LEVEL = "-Onone";
			};
			name = Debug;
		};
		789E7FD029A5C84C00A7F49E /* Release */ = {
			isa = XCBuildConfiguration;
			buildSettings = {
				ALWAYS_SEARCH_USER_PATHS = NO;
				CLANG_ANALYZER_NONNULL = YES;
				CLANG_ANALYZER_NUMBER_OBJECT_CONVERSION = YES_AGGRESSIVE;
				CLANG_CXX_LANGUAGE_STANDARD = "gnu++20";
				CLANG_ENABLE_MODULES = YES;
				CLANG_ENABLE_OBJC_ARC = YES;
				CLANG_ENABLE_OBJC_WEAK = YES;
				CLANG_WARN_BLOCK_CAPTURE_AUTORELEASING = YES;
				CLANG_WARN_BOOL_CONVERSION = YES;
				CLANG_WARN_COMMA = YES;
				CLANG_WARN_CONSTANT_CONVERSION = YES;
				CLANG_WARN_DEPRECATED_OBJC_IMPLEMENTATIONS = YES;
				CLANG_WARN_DIRECT_OBJC_ISA_USAGE = YES_ERROR;
				CLANG_WARN_DOCUMENTATION_COMMENTS = YES;
				CLANG_WARN_EMPTY_BODY = YES;
				CLANG_WARN_ENUM_CONVERSION = YES;
				CLANG_WARN_INFINITE_RECURSION = YES;
				CLANG_WARN_INT_CONVERSION = YES;
				CLANG_WARN_NON_LITERAL_NULL_CONVERSION = YES;
				CLANG_WARN_OBJC_IMPLICIT_RETAIN_SELF = YES;
				CLANG_WARN_OBJC_LITERAL_CONVERSION = YES;
				CLANG_WARN_OBJC_ROOT_CLASS = YES_ERROR;
				CLANG_WARN_QUOTED_INCLUDE_IN_FRAMEWORK_HEADER = YES;
				CLANG_WARN_RANGE_LOOP_ANALYSIS = YES;
				CLANG_WARN_STRICT_PROTOTYPES = YES;
				CLANG_WARN_SUSPICIOUS_MOVE = YES;
				CLANG_WARN_UNGUARDED_AVAILABILITY = YES_AGGRESSIVE;
				CLANG_WARN_UNREACHABLE_CODE = YES;
				CLANG_WARN__DUPLICATE_METHOD_MATCH = YES;
				COPY_PHASE_STRIP = NO;
				DEBUG_INFORMATION_FORMAT = "dwarf-with-dsym";
				ENABLE_NS_ASSERTIONS = NO;
				ENABLE_STRICT_OBJC_MSGSEND = YES;
				GCC_C_LANGUAGE_STANDARD = gnu11;
				GCC_NO_COMMON_BLOCKS = YES;
				GCC_WARN_64_TO_32_BIT_CONVERSION = YES;
				GCC_WARN_ABOUT_RETURN_TYPE = YES_ERROR;
				GCC_WARN_UNDECLARED_SELECTOR = YES;
				GCC_WARN_UNINITIALIZED_AUTOS = YES_AGGRESSIVE;
				GCC_WARN_UNUSED_FUNCTION = YES;
				GCC_WARN_UNUSED_VARIABLE = YES;
				IPHONEOS_DEPLOYMENT_TARGET = 16.0;
				MTL_ENABLE_DEBUG_INFO = NO;
				MTL_FAST_MATH = YES;
				SDKROOT = iphoneos;
				SWIFT_COMPILATION_MODE = wholemodule;
				SWIFT_OPTIMIZATION_LEVEL = "-O";
				VALIDATE_PRODUCT = YES;
			};
			name = Release;
		};
		789E7FD229A5C84C00A7F49E /* Debug */ = {
			isa = XCBuildConfiguration;
			buildSettings = {
				ASSETCATALOG_COMPILER_APPICON_NAME = AppIcon;
				ASSETCATALOG_COMPILER_GLOBAL_ACCENT_COLOR_NAME = AccentColor;
				CODE_SIGN_STYLE = Automatic;
				CURRENT_PROJECT_VERSION = 1;
				DEVELOPMENT_ASSET_PATHS = "\"PokeDexy/Preview Content\"";
				DEVELOPMENT_TEAM = 73CVN33R56;
				ENABLE_PREVIEWS = YES;
				GENERATE_INFOPLIST_FILE = YES;
				INFOPLIST_FILE = PokeDexy/Info.plist;
				INFOPLIST_KEY_UIApplicationSupportsIndirectInputEvents = YES;
				INFOPLIST_KEY_UILaunchScreen_Generation = YES;
				INFOPLIST_KEY_UISupportedInterfaceOrientations_iPad = "UIInterfaceOrientationPortrait UIInterfaceOrientationPortraitUpsideDown UIInterfaceOrientationLandscapeLeft UIInterfaceOrientationLandscapeRight";
				INFOPLIST_KEY_UISupportedInterfaceOrientations_iPhone = "UIInterfaceOrientationPortrait UIInterfaceOrientationLandscapeLeft UIInterfaceOrientationLandscapeRight";
				LD_RUNPATH_SEARCH_PATHS = (
					"$(inherited)",
					"@executable_path/Frameworks",
				);
				MARKETING_VERSION = 1.0;
				PRODUCT_BUNDLE_IDENTIFIER = com.caioproducts.PokeDexy;
				PRODUCT_NAME = "$(TARGET_NAME)";
				SWIFT_EMIT_LOC_STRINGS = YES;
				SWIFT_VERSION = 5.0;
				TARGETED_DEVICE_FAMILY = "1,2";
			};
			name = Debug;
		};
		789E7FD329A5C84C00A7F49E /* Release */ = {
			isa = XCBuildConfiguration;
			buildSettings = {
				ASSETCATALOG_COMPILER_APPICON_NAME = AppIcon;
				ASSETCATALOG_COMPILER_GLOBAL_ACCENT_COLOR_NAME = AccentColor;
				CODE_SIGN_STYLE = Automatic;
				CURRENT_PROJECT_VERSION = 1;
				DEVELOPMENT_ASSET_PATHS = "\"PokeDexy/Preview Content\"";
				DEVELOPMENT_TEAM = 73CVN33R56;
				ENABLE_PREVIEWS = YES;
				GENERATE_INFOPLIST_FILE = YES;
				INFOPLIST_FILE = PokeDexy/Info.plist;
				INFOPLIST_KEY_UIApplicationSupportsIndirectInputEvents = YES;
				INFOPLIST_KEY_UILaunchScreen_Generation = YES;
				INFOPLIST_KEY_UISupportedInterfaceOrientations_iPad = "UIInterfaceOrientationPortrait UIInterfaceOrientationPortraitUpsideDown UIInterfaceOrientationLandscapeLeft UIInterfaceOrientationLandscapeRight";
				INFOPLIST_KEY_UISupportedInterfaceOrientations_iPhone = "UIInterfaceOrientationPortrait UIInterfaceOrientationLandscapeLeft UIInterfaceOrientationLandscapeRight";
				LD_RUNPATH_SEARCH_PATHS = (
					"$(inherited)",
					"@executable_path/Frameworks",
				);
				MARKETING_VERSION = 1.0;
				PRODUCT_BUNDLE_IDENTIFIER = com.caioproducts.PokeDexy;
				PRODUCT_NAME = "$(TARGET_NAME)";
				SWIFT_EMIT_LOC_STRINGS = YES;
				SWIFT_VERSION = 5.0;
				TARGETED_DEVICE_FAMILY = "1,2";
			};
			name = Release;
		};
/* End XCBuildConfiguration section */

/* Begin XCConfigurationList section */
		789E7FBE29A5C84C00A7F49E /* Build configuration list for PBXProject "PokeDexy" */ = {
			isa = XCConfigurationList;
			buildConfigurations = (
				789E7FCF29A5C84C00A7F49E /* Debug */,
				789E7FD029A5C84C00A7F49E /* Release */,
			);
			defaultConfigurationIsVisible = 0;
			defaultConfigurationName = Release;
		};
		789E7FD129A5C84C00A7F49E /* Build configuration list for PBXNativeTarget "PokeDexy" */ = {
			isa = XCConfigurationList;
			buildConfigurations = (
				789E7FD229A5C84C00A7F49E /* Debug */,
				789E7FD329A5C84C00A7F49E /* Release */,
			);
			defaultConfigurationIsVisible = 0;
			defaultConfigurationName = Release;
		};
/* End XCConfigurationList section */
	};
	rootObject = 789E7FBB29A5C84C00A7F49E /* Project object */;
}
